// !$*UTF8*$!
{
	archiveVersion = 1;
	classes = {
	};
	objectVersion = 46;
	objects = {

/* Begin PBXBuildFile section */
		DF29809B1EF0C1F100CCBA82 /* AppDelegate.swift in Sources */ = {isa = PBXBuildFile; fileRef = DF29809A1EF0C1F100CCBA82 /* AppDelegate.swift */; };
		DF29809D1EF0C1F100CCBA82 /* ViewController.swift in Sources */ = {isa = PBXBuildFile; fileRef = DF29809C1EF0C1F100CCBA82 /* ViewController.swift */; };
		DF2980A01EF0C1F100CCBA82 /* Main.storyboard in Resources */ = {isa = PBXBuildFile; fileRef = DF29809E1EF0C1F100CCBA82 /* Main.storyboard */; };
		DF2980A21EF0C1F100CCBA82 /* Assets.xcassets in Resources */ = {isa = PBXBuildFile; fileRef = DF2980A11EF0C1F100CCBA82 /* Assets.xcassets */; };
		DF2980A51EF0C1F100CCBA82 /* LaunchScreen.storyboard in Resources */ = {isa = PBXBuildFile; fileRef = DF2980A31EF0C1F100CCBA82 /* LaunchScreen.storyboard */; };
		DF2980B01EF0C1F100CCBA82 /* Bowling2Tests.swift in Sources */ = {isa = PBXBuildFile; fileRef = DF2980AF1EF0C1F100CCBA82 /* Bowling2Tests.swift */; };
		DF2980BB1EF0C1F100CCBA82 /* Bowling2UITests.swift in Sources */ = {isa = PBXBuildFile; fileRef = DF2980BA1EF0C1F100CCBA82 /* Bowling2UITests.swift */; };
		DF2980C91EF0C54400CCBA82 /* Score.swift in Sources */ = {isa = PBXBuildFile; fileRef = DF2980C81EF0C54400CCBA82 /* Score.swift */; };
/* End PBXBuildFile section */

/* Begin PBXContainerItemProxy section */
		DF2980AC1EF0C1F100CCBA82 /* PBXContainerItemProxy */ = {
			isa = PBXContainerItemProxy;
			containerPortal = DF29808F1EF0C1F100CCBA82 /* Project object */;
			proxyType = 1;
			remoteGlobalIDString = DF2980961EF0C1F100CCBA82;
			remoteInfo = Bowling2;
		};
		DF2980B71EF0C1F100CCBA82 /* PBXContainerItemProxy */ = {
			isa = PBXContainerItemProxy;
			containerPortal = DF29808F1EF0C1F100CCBA82 /* Project object */;
			proxyType = 1;
			remoteGlobalIDString = DF2980961EF0C1F100CCBA82;
			remoteInfo = Bowling2;
		};
/* End PBXContainerItemProxy section */

/* Begin PBXFileReference section */
		DF2980971EF0C1F100CCBA82 /* Bowling2.app */ = {isa = PBXFileReference; explicitFileType = wrapper.application; includeInIndex = 0; path = Bowling2.app; sourceTree = BUILT_PRODUCTS_DIR; };
		DF29809A1EF0C1F100CCBA82 /* AppDelegate.swift */ = {isa = PBXFileReference; lastKnownFileType = sourcecode.swift; path = AppDelegate.swift; sourceTree = "<group>"; };
		DF29809C1EF0C1F100CCBA82 /* ViewController.swift */ = {isa = PBXFileReference; lastKnownFileType = sourcecode.swift; path = ViewController.swift; sourceTree = "<group>"; };
		DF29809F1EF0C1F100CCBA82 /* Base */ = {isa = PBXFileReference; lastKnownFileType = file.storyboard; name = Base; path = Base.lproj/Main.storyboard; sourceTree = "<group>"; };
		DF2980A11EF0C1F100CCBA82 /* Assets.xcassets */ = {isa = PBXFileReference; lastKnownFileType = folder.assetcatalog; path = Assets.xcassets; sourceTree = "<group>"; };
		DF2980A41EF0C1F100CCBA82 /* Base */ = {isa = PBXFileReference; lastKnownFileType = file.storyboard; name = Base; path = Base.lproj/LaunchScreen.storyboard; sourceTree = "<group>"; };
		DF2980A61EF0C1F100CCBA82 /* Info.plist */ = {isa = PBXFileReference; lastKnownFileType = text.plist.xml; path = Info.plist; sourceTree = "<group>"; };
		DF2980AB1EF0C1F100CCBA82 /* Bowling2Tests.xctest */ = {isa = PBXFileReference; explicitFileType = wrapper.cfbundle; includeInIndex = 0; path = Bowling2Tests.xctest; sourceTree = BUILT_PRODUCTS_DIR; };
		DF2980AF1EF0C1F100CCBA82 /* Bowling2Tests.swift */ = {isa = PBXFileReference; lastKnownFileType = sourcecode.swift; path = Bowling2Tests.swift; sourceTree = "<group>"; };
		DF2980B11EF0C1F100CCBA82 /* Info.plist */ = {isa = PBXFileReference; lastKnownFileType = text.plist.xml; path = Info.plist; sourceTree = "<group>"; };
		DF2980B61EF0C1F100CCBA82 /* Bowling2UITests.xctest */ = {isa = PBXFileReference; explicitFileType = wrapper.cfbundle; includeInIndex = 0; path = Bowling2UITests.xctest; sourceTree = BUILT_PRODUCTS_DIR; };
		DF2980BA1EF0C1F100CCBA82 /* Bowling2UITests.swift */ = {isa = PBXFileReference; lastKnownFileType = sourcecode.swift; path = Bowling2UITests.swift; sourceTree = "<group>"; };
		DF2980BC1EF0C1F100CCBA82 /* Info.plist */ = {isa = PBXFileReference; lastKnownFileType = text.plist.xml; path = Info.plist; sourceTree = "<group>"; };
		DF2980C81EF0C54400CCBA82 /* Score.swift */ = {isa = PBXFileReference; fileEncoding = 4; lastKnownFileType = sourcecode.swift; path = Score.swift; sourceTree = "<group>"; };
/* End PBXFileReference section */

/* Begin PBXFrameworksBuildPhase section */
		DF2980941EF0C1F100CCBA82 /* Frameworks */ = {
			isa = PBXFrameworksBuildPhase;
			buildActionMask = 2147483647;
			files = (
			);
			runOnlyForDeploymentPostprocessing = 0;
		};
		DF2980A81EF0C1F100CCBA82 /* Frameworks */ = {
			isa = PBXFrameworksBuildPhase;
			buildActionMask = 2147483647;
			files = (
			);
			runOnlyForDeploymentPostprocessing = 0;
		};
		DF2980B31EF0C1F100CCBA82 /* Frameworks */ = {
			isa = PBXFrameworksBuildPhase;
			buildActionMask = 2147483647;
			files = (
			);
			runOnlyForDeploymentPostprocessing = 0;
		};
/* End PBXFrameworksBuildPhase section */

/* Begin PBXGroup section */
		DF29808E1EF0C1F100CCBA82 = {
			isa = PBXGroup;
			children = (
				DF2980991EF0C1F100CCBA82 /* Bowling2 */,
				DF2980AE1EF0C1F100CCBA82 /* Bowling2Tests */,
				DF2980B91EF0C1F100CCBA82 /* Bowling2UITests */,
				DF2980981EF0C1F100CCBA82 /* Products */,
			);
			sourceTree = "<group>";
		};
		DF2980981EF0C1F100CCBA82 /* Products */ = {
			isa = PBXGroup;
			children = (
				DF2980971EF0C1F100CCBA82 /* Bowling2.app */,
				DF2980AB1EF0C1F100CCBA82 /* Bowling2Tests.xctest */,
				DF2980B61EF0C1F100CCBA82 /* Bowling2UITests.xctest */,
			);
			name = Products;
			sourceTree = "<group>";
		};
		DF2980991EF0C1F100CCBA82 /* Bowling2 */ = {
			isa = PBXGroup;
			children = (
				DF29809A1EF0C1F100CCBA82 /* AppDelegate.swift */,
				DF2980C81EF0C54400CCBA82 /* Score.swift */,
				DF29809C1EF0C1F100CCBA82 /* ViewController.swift */,
				DF29809E1EF0C1F100CCBA82 /* Main.storyboard */,
				DF2980A11EF0C1F100CCBA82 /* Assets.xcassets */,
				DF2980A31EF0C1F100CCBA82 /* LaunchScreen.storyboard */,
				DF2980A61EF0C1F100CCBA82 /* Info.plist */,
			);
			path = Bowling2;
			sourceTree = "<group>";
		};
		DF2980AE1EF0C1F100CCBA82 /* Bowling2Tests */ = {
			isa = PBXGroup;
			children = (
				DF2980AF1EF0C1F100CCBA82 /* Bowling2Tests.swift */,
				DF2980B11EF0C1F100CCBA82 /* Info.plist */,
			);
			path = Bowling2Tests;
			sourceTree = "<group>";
		};
		DF2980B91EF0C1F100CCBA82 /* Bowling2UITests */ = {
			isa = PBXGroup;
			children = (
				DF2980BA1EF0C1F100CCBA82 /* Bowling2UITests.swift */,
				DF2980BC1EF0C1F100CCBA82 /* Info.plist */,
			);
			path = Bowling2UITests;
			sourceTree = "<group>";
		};
/* End PBXGroup section */

/* Begin PBXNativeTarget section */
		DF2980961EF0C1F100CCBA82 /* Bowling2 */ = {
			isa = PBXNativeTarget;
			buildConfigurationList = DF2980BF1EF0C1F100CCBA82 /* Build configuration list for PBXNativeTarget "Bowling2" */;
			buildPhases = (
				DF2980931EF0C1F100CCBA82 /* Sources */,
				DF2980941EF0C1F100CCBA82 /* Frameworks */,
				DF2980951EF0C1F100CCBA82 /* Resources */,
			);
			buildRules = (
			);
			dependencies = (
			);
			name = Bowling2;
			productName = Bowling2;
			productReference = DF2980971EF0C1F100CCBA82 /* Bowling2.app */;
			productType = "com.apple.product-type.application";
		};
		DF2980AA1EF0C1F100CCBA82 /* Bowling2Tests */ = {
			isa = PBXNativeTarget;
			buildConfigurationList = DF2980C21EF0C1F100CCBA82 /* Build configuration list for PBXNativeTarget "Bowling2Tests" */;
			buildPhases = (
				DF2980A71EF0C1F100CCBA82 /* Sources */,
				DF2980A81EF0C1F100CCBA82 /* Frameworks */,
				DF2980A91EF0C1F100CCBA82 /* Resources */,
			);
			buildRules = (
			);
			dependencies = (
				DF2980AD1EF0C1F100CCBA82 /* PBXTargetDependency */,
			);
			name = Bowling2Tests;
			productName = Bowling2Tests;
			productReference = DF2980AB1EF0C1F100CCBA82 /* Bowling2Tests.xctest */;
			productType = "com.apple.product-type.bundle.unit-test";
		};
		DF2980B51EF0C1F100CCBA82 /* Bowling2UITests */ = {
			isa = PBXNativeTarget;
			buildConfigurationList = DF2980C51EF0C1F100CCBA82 /* Build configuration list for PBXNativeTarget "Bowling2UITests" */;
			buildPhases = (
				DF2980B21EF0C1F100CCBA82 /* Sources */,
				DF2980B31EF0C1F100CCBA82 /* Frameworks */,
				DF2980B41EF0C1F100CCBA82 /* Resources */,
			);
			buildRules = (
			);
			dependencies = (
				DF2980B81EF0C1F100CCBA82 /* PBXTargetDependency */,
			);
			name = Bowling2UITests;
			productName = Bowling2UITests;
			productReference = DF2980B61EF0C1F100CCBA82 /* Bowling2UITests.xctest */;
			productType = "com.apple.product-type.bundle.ui-testing";
		};
/* End PBXNativeTarget section */

/* Begin PBXProject section */
		DF29808F1EF0C1F100CCBA82 /* Project object */ = {
			isa = PBXProject;
			attributes = {
				LastSwiftUpdateCheck = 0830;
				LastUpgradeCheck = 0830;
				ORGANIZATIONNAME = "Michelline Tran";
				TargetAttributes = {
					DF2980961EF0C1F100CCBA82 = {
						CreatedOnToolsVersion = 8.3.2;
						DevelopmentTeam = 5QNKR8RC4W;
						ProvisioningStyle = Automatic;
					};
					DF2980AA1EF0C1F100CCBA82 = {
						CreatedOnToolsVersion = 8.3.2;
						DevelopmentTeam = 5QNKR8RC4W;
						ProvisioningStyle = Automatic;
						TestTargetID = DF2980961EF0C1F100CCBA82;
					};
					DF2980B51EF0C1F100CCBA82 = {
						CreatedOnToolsVersion = 8.3.2;
						DevelopmentTeam = 5QNKR8RC4W;
						ProvisioningStyle = Automatic;
						TestTargetID = DF2980961EF0C1F100CCBA82;
					};
				};
			};
			buildConfigurationList = DF2980921EF0C1F100CCBA82 /* Build configuration list for PBXProject "Bowling2" */;
			compatibilityVersion = "Xcode 3.2";
			developmentRegion = English;
			hasScannedForEncodings = 0;
			knownRegions = (
				en,
				Base,
			);
			mainGroup = DF29808E1EF0C1F100CCBA82;
			productRefGroup = DF2980981EF0C1F100CCBA82 /* Products */;
			projectDirPath = "";
			projectRoot = "";
			targets = (
				DF2980961EF0C1F100CCBA82 /* Bowling2 */,
				DF2980AA1EF0C1F100CCBA82 /* Bowling2Tests */,
				DF2980B51EF0C1F100CCBA82 /* Bowling2UITests */,
			);
		};
/* End PBXProject section */

/* Begin PBXResourcesBuildPhase section */
		DF2980951EF0C1F100CCBA82 /* Resources */ = {
			isa = PBXResourcesBuildPhase;
			buildActionMask = 2147483647;
			files = (
				DF2980A51EF0C1F100CCBA82 /* LaunchScreen.storyboard in Resources */,
				DF2980A21EF0C1F100CCBA82 /* Assets.xcassets in Resources */,
				DF2980A01EF0C1F100CCBA82 /* Main.storyboard in Resources */,
			);
			runOnlyForDeploymentPostprocessing = 0;
		};
		DF2980A91EF0C1F100CCBA82 /* Resources */ = {
			isa = PBXResourcesBuildPhase;
			buildActionMask = 2147483647;
			files = (
			);
			runOnlyForDeploymentPostprocessing = 0;
		};
		DF2980B41EF0C1F100CCBA82 /* Resources */ = {
			isa = PBXResourcesBuildPhase;
			buildActionMask = 2147483647;
			files = (
			);
			runOnlyForDeploymentPostprocessing = 0;
		};
/* End PBXResourcesBuildPhase section */

/* Begin PBXSourcesBuildPhase section */
		DF2980931EF0C1F100CCBA82 /* Sources */ = {
			isa = PBXSourcesBuildPhase;
			buildActionMask = 2147483647;
			files = (
				DF2980C91EF0C54400CCBA82 /* Score.swift in Sources */,
				DF29809D1EF0C1F100CCBA82 /* ViewController.swift in Sources */,
				DF29809B1EF0C1F100CCBA82 /* AppDelegate.swift in Sources */,
			);
			runOnlyForDeploymentPostprocessing = 0;
		};
		DF2980A71EF0C1F100CCBA82 /* Sources */ = {
			isa = PBXSourcesBuildPhase;
			buildActionMask = 2147483647;
			files = (
				DF2980B01EF0C1F100CCBA82 /* Bowling2Tests.swift in Sources */,
			);
			runOnlyForDeploymentPostprocessing = 0;
		};
		DF2980B21EF0C1F100CCBA82 /* Sources */ = {
			isa = PBXSourcesBuildPhase;
			buildActionMask = 2147483647;
			files = (
				DF2980BB1EF0C1F100CCBA82 /* Bowling2UITests.swift in Sources */,
			);
			runOnlyForDeploymentPostprocessing = 0;
		};
/* End PBXSourcesBuildPhase section */

/* Begin PBXTargetDependency section */
		DF2980AD1EF0C1F100CCBA82 /* PBXTargetDependency */ = {
			isa = PBXTargetDependency;
			target = DF2980961EF0C1F100CCBA82 /* Bowling2 */;
			targetProxy = DF2980AC1EF0C1F100CCBA82 /* PBXContainerItemProxy */;
		};
		DF2980B81EF0C1F100CCBA82 /* PBXTargetDependency */ = {
			isa = PBXTargetDependency;
			target = DF2980961EF0C1F100CCBA82 /* Bowling2 */;
			targetProxy = DF2980B71EF0C1F100CCBA82 /* PBXContainerItemProxy */;
		};
/* End PBXTargetDependency section */

/* Begin PBXVariantGroup section */
		DF29809E1EF0C1F100CCBA82 /* Main.storyboard */ = {
			isa = PBXVariantGroup;
			children = (
				DF29809F1EF0C1F100CCBA82 /* Base */,
			);
			name = Main.storyboard;
			sourceTree = "<group>";
		};
		DF2980A31EF0C1F100CCBA82 /* LaunchScreen.storyboard */ = {
			isa = PBXVariantGroup;
			children = (
				DF2980A41EF0C1F100CCBA82 /* Base */,
			);
			name = LaunchScreen.storyboard;
			sourceTree = "<group>";
		};
/* End PBXVariantGroup section */

/* Begin XCBuildConfiguration section */
		DF2980BD1EF0C1F100CCBA82 /* Debug */ = {
			isa = XCBuildConfiguration;
			buildSettings = {
				ALWAYS_SEARCH_USER_PATHS = NO;
				CLANG_ANALYZER_NONNULL = YES;
				CLANG_ANALYZER_NUMBER_OBJECT_CONVERSION = YES_AGGRESSIVE;
				CLANG_CXX_LANGUAGE_STANDARD = "gnu++0x";
				CLANG_CXX_LIBRARY = "libc++";
				CLANG_ENABLE_MODULES = YES;
				CLANG_ENABLE_OBJC_ARC = YES;
				CLANG_WARN_BOOL_CONVERSION = YES;
				CLANG_WARN_CONSTANT_CONVERSION = YES;
				CLANG_WARN_DIRECT_OBJC_ISA_USAGE = YES_ERROR;
				CLANG_WARN_DOCUMENTATION_COMMENTS = YES;
				CLANG_WARN_EMPTY_BODY = YES;
				CLANG_WARN_ENUM_CONVERSION = YES;
				CLANG_WARN_INFINITE_RECURSION = YES;
				CLANG_WARN_INT_CONVERSION = YES;
				CLANG_WARN_OBJC_ROOT_CLASS = YES_ERROR;
				CLANG_WARN_SUSPICIOUS_MOVE = YES;
				CLANG_WARN_UNREACHABLE_CODE = YES;
				CLANG_WARN__DUPLICATE_METHOD_MATCH = YES;
				"CODE_SIGN_IDENTITY[sdk=iphoneos*]" = "iPhone Developer";
				COPY_PHASE_STRIP = NO;
				DEBUG_INFORMATION_FORMAT = dwarf;
				ENABLE_STRICT_OBJC_MSGSEND = YES;
				ENABLE_TESTABILITY = YES;
				GCC_C_LANGUAGE_STANDARD = gnu99;
				GCC_DYNAMIC_NO_PIC = NO;
				GCC_NO_COMMON_BLOCKS = YES;
				GCC_OPTIMIZATION_LEVEL = 0;
				GCC_PREPROCESSOR_DEFINITIONS = (
					"DEBUG=1",
					"$(inherited)",
				);
				GCC_WARN_64_TO_32_BIT_CONVERSION = YES;
				GCC_WARN_ABOUT_RETURN_TYPE = YES_ERROR;
				GCC_WARN_UNDECLARED_SELECTOR = YES;
				GCC_WARN_UNINITIALIZED_AUTOS = YES_AGGRESSIVE;
				GCC_WARN_UNUSED_FUNCTION = YES;
				GCC_WARN_UNUSED_VARIABLE = YES;
				IPHONEOS_DEPLOYMENT_TARGET = 10.3;
				MTL_ENABLE_DEBUG_INFO = YES;
				ONLY_ACTIVE_ARCH = YES;
				SDKROOT = iphoneos;
				SWIFT_ACTIVE_COMPILATION_CONDITIONS = DEBUG;
				SWIFT_OPTIMIZATION_LEVEL = "-Onone";
				TARGETED_DEVICE_FAMILY = "1,2";
			};
			name = Debug;
		};
		DF2980BE1EF0C1F100CCBA82 /* Release */ = {
			isa = XCBuildConfiguration;
			buildSettings = {
				ALWAYS_SEARCH_USER_PATHS = NO;
				CLANG_ANALYZER_NONNULL = YES;
				CLANG_ANALYZER_NUMBER_OBJECT_CONVERSION = YES_AGGRESSIVE;
				CLANG_CXX_LANGUAGE_STANDARD = "gnu++0x";
				CLANG_CXX_LIBRARY = "libc++";
				CLANG_ENABLE_MODULES = YES;
				CLANG_ENABLE_OBJC_ARC = YES;
				CLANG_WARN_BOOL_CONVERSION = YES;
				CLANG_WARN_CONSTANT_CONVERSION = YES;
				CLANG_WARN_DIRECT_OBJC_ISA_USAGE = YES_ERROR;
				CLANG_WARN_DOCUMENTATION_COMMENTS = YES;
				CLANG_WARN_EMPTY_BODY = YES;
				CLANG_WARN_ENUM_CONVERSION = YES;
				CLANG_WARN_INFINITE_RECURSION = YES;
				CLANG_WARN_INT_CONVERSION = YES;
				CLANG_WARN_OBJC_ROOT_CLASS = YES_ERROR;
				CLANG_WARN_SUSPICIOUS_MOVE = YES;
				CLANG_WARN_UNREACHABLE_CODE = YES;
				CLANG_WARN__DUPLICATE_METHOD_MATCH = YES;
				"CODE_SIGN_IDENTITY[sdk=iphoneos*]" = "iPhone Developer";
				COPY_PHASE_STRIP = NO;
				DEBUG_INFORMATION_FORMAT = "dwarf-with-dsym";
				ENABLE_NS_ASSERTIONS = NO;
				ENABLE_STRICT_OBJC_MSGSEND = YES;
				GCC_C_LANGUAGE_STANDARD = gnu99;
				GCC_NO_COMMON_BLOCKS = YES;
				GCC_WARN_64_TO_32_BIT_CONVERSION = YES;
				GCC_WARN_ABOUT_RETURN_TYPE = YES_ERROR;
				GCC_WARN_UNDECLARED_SELECTOR = YES;
				GCC_WARN_UNINITIALIZED_AUTOS = YES_AGGRESSIVE;
				GCC_WARN_UNUSED_FUNCTION = YES;
				GCC_WARN_UNUSED_VARIABLE = YES;
				IPHONEOS_DEPLOYMENT_TARGET = 10.3;
				MTL_ENABLE_DEBUG_INFO = NO;
				SDKROOT = iphoneos;
				SWIFT_OPTIMIZATION_LEVEL = "-Owholemodule";
				TARGETED_DEVICE_FAMILY = "1,2";
				VALIDATE_PRODUCT = YES;
			};
			name = Release;
		};
		DF2980C01EF0C1F100CCBA82 /* Debug */ = {
			isa = XCBuildConfiguration;
			buildSettings = {
				ASSETCATALOG_COMPILER_APPICON_NAME = AppIcon;
				DEVELOPMENT_TEAM = 5QNKR8RC4W;
				INFOPLIST_FILE = Bowling2/Info.plist;
				LD_RUNPATH_SEARCH_PATHS = "$(inherited) @executable_path/Frameworks";
				PRODUCT_BUNDLE_IDENTIFIER = michellinetran.Bowling2;
				PRODUCT_NAME = "$(TARGET_NAME)";
				SWIFT_VERSION = 3.0;
			};
			name = Debug;
		};
		DF2980C11EF0C1F100CCBA82 /* Release */ = {
			isa = XCBuildConfiguration;
			buildSettings = {
				ASSETCATALOG_COMPILER_APPICON_NAME = AppIcon;
				DEVELOPMENT_TEAM = 5QNKR8RC4W;
				INFOPLIST_FILE = Bowling2/Info.plist;
				LD_RUNPATH_SEARCH_PATHS = "$(inherited) @executable_path/Frameworks";
				PRODUCT_BUNDLE_IDENTIFIER = michellinetran.Bowling2;
				PRODUCT_NAME = "$(TARGET_NAME)";
				SWIFT_VERSION = 3.0;
			};
			name = Release;
		};
		DF2980C31EF0C1F100CCBA82 /* Debug */ = {
			isa = XCBuildConfiguration;
			buildSettings = {
				ALWAYS_EMBED_SWIFT_STANDARD_LIBRARIES = YES;
				BUNDLE_LOADER = "$(TEST_HOST)";
				DEVELOPMENT_TEAM = 5QNKR8RC4W;
				INFOPLIST_FILE = Bowling2Tests/Info.plist;
				LD_RUNPATH_SEARCH_PATHS = "$(inherited) @executable_path/Frameworks @loader_path/Frameworks";
				PRODUCT_BUNDLE_IDENTIFIER = michellinetran.Bowling2Tests;
				PRODUCT_NAME = "$(TARGET_NAME)";
				SWIFT_VERSION = 3.0;
				TEST_HOST = "$(BUILT_PRODUCTS_DIR)/Bowling2.app/Bowling2";
			};
			name = Debug;
		};
		DF2980C41EF0C1F100CCBA82 /* Release */ = {
			isa = XCBuildConfiguration;
			buildSettings = {
				ALWAYS_EMBED_SWIFT_STANDARD_LIBRARIES = YES;
				BUNDLE_LOADER = "$(TEST_HOST)";
				DEVELOPMENT_TEAM = 5QNKR8RC4W;
				INFOPLIST_FILE = Bowling2Tests/Info.plist;
				LD_RUNPATH_SEARCH_PATHS = "$(inherited) @executable_path/Frameworks @loader_path/Frameworks";
				PRODUCT_BUNDLE_IDENTIFIER = michellinetran.Bowling2Tests;
				PRODUCT_NAME = "$(TARGET_NAME)";
				SWIFT_VERSION = 3.0;
				TEST_HOST = "$(BUILT_PRODUCTS_DIR)/Bowling2.app/Bowling2";
			};
			name = Release;
		};
		DF2980C61EF0C1F100CCBA82 /* Debug */ = {
			isa = XCBuildConfiguration;
			buildSettings = {
				ALWAYS_EMBED_SWIFT_STANDARD_LIBRARIES = YES;
				DEVELOPMENT_TEAM = 5QNKR8RC4W;
				INFOPLIST_FILE = Bowling2UITests/Info.plist;
				LD_RUNPATH_SEARCH_PATHS = "$(inherited) @executable_path/Frameworks @loader_path/Frameworks";
				PRODUCT_BUNDLE_IDENTIFIER = michellinetran.Bowling2UITests;
				PRODUCT_NAME = "$(TARGET_NAME)";
				SWIFT_VERSION = 3.0;
				TEST_TARGET_NAME = Bowling2;
			};
			name = Debug;
		};
		DF2980C71EF0C1F100CCBA82 /* Release */ = {
			isa = XCBuildConfiguration;
			buildSettings = {
				ALWAYS_EMBED_SWIFT_STANDARD_LIBRARIES = YES;
				DEVELOPMENT_TEAM = 5QNKR8RC4W;
				INFOPLIST_FILE = Bowling2UITests/Info.plist;
				LD_RUNPATH_SEARCH_PATHS = "$(inherited) @executable_path/Frameworks @loader_path/Frameworks";
				PRODUCT_BUNDLE_IDENTIFIER = michellinetran.Bowling2UITests;
				PRODUCT_NAME = "$(TARGET_NAME)";
				SWIFT_VERSION = 3.0;
				TEST_TARGET_NAME = Bowling2;
			};
			name = Release;
		};
/* End XCBuildConfiguration section */

/* Begin XCConfigurationList section */
		DF2980921EF0C1F100CCBA82 /* Build configuration list for PBXProject "Bowling2" */ = {
			isa = XCConfigurationList;
			buildConfigurations = (
				DF2980BD1EF0C1F100CCBA82 /* Debug */,
				DF2980BE1EF0C1F100CCBA82 /* Release */,
			);
			defaultConfigurationIsVisible = 0;
			defaultConfigurationName = Release;
		};
		DF2980BF1EF0C1F100CCBA82 /* Build configuration list for PBXNativeTarget "Bowling2" */ = {
			isa = XCConfigurationList;
			buildConfigurations = (
				DF2980C01EF0C1F100CCBA82 /* Debug */,
				DF2980C11EF0C1F100CCBA82 /* Release */,
			);
			defaultConfigurationIsVisible = 0;
		};
		DF2980C21EF0C1F100CCBA82 /* Build configuration list for PBXNativeTarget "Bowling2Tests" */ = {
			isa = XCConfigurationList;
			buildConfigurations = (
				DF2980C31EF0C1F100CCBA82 /* Debug */,
				DF2980C41EF0C1F100CCBA82 /* Release */,
			);
			defaultConfigurationIsVisible = 0;
		};
		DF2980C51EF0C1F100CCBA82 /* Build configuration list for PBXNativeTarget "Bowling2UITests" */ = {
			isa = XCConfigurationList;
			buildConfigurations = (
				DF2980C61EF0C1F100CCBA82 /* Debug */,
				DF2980C71EF0C1F100CCBA82 /* Release */,
			);
			defaultConfigurationIsVisible = 0;
		};
/* End XCConfigurationList section */
	};
	rootObject = DF29808F1EF0C1F100CCBA82 /* Project object */;
}
